{
  "name": "moemodels-monorepo",
  "version": "0.1.0",
  "lockfileVersion": 3,
  "requires": true,
  "packages": {
    "": {
      "name": "moemodels-monorepo",
      "version": "0.1.0",
      "license": "Apache-2.0",
      "workspaces": [
        "data/v1",
        "data/evaluations/v1",
        "packages/core",
        "packages/ingest",
        "packages/cli",
        "packages/bench",
        "packages/sdk",
        "packages/mcp",
        "packages/moemodels"
      ],
      "devDependencies": {
        "@types/node": "22.19.19",
        "typescript": "5.9.3"
      },
      "engines": {
        "node": ">=22.13.0"
      }
    },
    "data/evaluations/v1": {
      "name": "@moemodels/evaluations-v1",
      "version": "0.1.0",
      "license": "Apache-2.0",
      "engines": {
        "node": ">=22.13.0"
      }
    },
    "data/v1": {
      "name": "@moemodels/registry-v1",
      "version": "0.1.0",
      "license": "Apache-2.0",
      "engines": {
        "node": ">=22.13.0"
      }
    },
    "node_modules/@moemodels/bench": {
      "resolved": "packages/bench",
      "link": true
    },
    "node_modules/@moemodels/cli": {
      "resolved": "packages/cli",
      "link": true
    },
    "node_modules/@moemodels/core": {
      "resolved": "packages/core",
      "link": true
    },
    "node_modules/@moemodels/evaluations-v1": {
      "resolved": "data/evaluations/v1",
      "link": true
    },
    "node_modules/@moemodels/ingest": {
      "resolved": "packages/ingest",
      "link": true
    },
    "node_modules/@moemodels/mcp": {
      "resolved": "packages/mcp",
      "link": true
    },
    "node_modules/@moemodels/registry-v1": {
      "resolved": "data/v1",
      "link": true
    },
    "node_modules/@moemodels/sdk": {
      "resolved": "packages/sdk",
      "link": true
    },
    "node_modules/@types/node": {
      "version": "22.19.19",
      "resolved": "https://registry.npmjs.org/@types/node/-/node-22.19.19.tgz",
      "integrity": "sha512-dyh/xO2Fh5bYrfWaaqGrRQQGkNdmYw6AmaAUvYeUMNTWQtvb796ikLdmTchRmOlOiIJ1TDXfWgVx1QkUlQ6Hew==",
      "dev": true,
      "license": "MIT",
      "dependencies": {
        "undici-types": "~6.21.0"
      }
    },
    "node_modules/moemodels": {
      "resolved": "packages/moemodels",
      "link": true
    },
    "node_modules/typescript": {
      "version": "5.9.3",
      "resolved": "https://registry.npmjs.org/typescript/-/typescript-5.9.3.tgz",
      "integrity": "sha512-jl1vZzPDinLr9eUt3J/t7V6FgNEw9QjvBPdysz9KfQDD41fQrC2Y4vKQdiaUpFT4bXlb1RHhLpp8wtm6M5TgSw==",
      "dev": true,
      "license": "Apache-2.0",
      "bin": {
        "tsc": "bin/tsc",
        "tsserver": "bin/tsserver"
      },
      "engines": {
        "node": ">=14.17"
      }
    },
    "node_modules/undici-types": {
      "version": "6.21.0",
      "resolved": "https://registry.npmjs.org/undici-types/-/undici-types-6.21.0.tgz",
      "integrity": "sha512-iwDZqg0QAGrg9Rav5H4n0M64c3mkR59cJ6wQp+7C4nI0gsmExaedaYLNO44eT4AtBBwjbTiGPMlt2Md0T9H9JQ==",
      "dev": true,
      "license": "MIT"
    },
    "packages/bench": {
      "name": "@moemodels/bench",
      "version": "0.1.0",
      "license": "Apache-2.0",
      "bin": {
        "moemodels-bench": "dist/cli.js"
      },
      "devDependencies": {
        "@types/node": "^22.19.19",
        "typescript": "^5.9.3"
      },
      "engines": {
        "node": ">=22.13.0"
      }
    },
    "packages/cli": {
      "name": "@moemodels/cli",
      "version": "0.1.0",
      "license": "Apache-2.0",
      "dependencies": {
        "@moemodels/core": "0.1.0",
        "@moemodels/ingest": "0.1.0"
      },
      "bin": {
        "moemodels-registry": "dist/index.js"
      },
      "devDependencies": {
        "@types/node": "^22.19.19",
        "typescript": "^5.9.3"
      },
      "engines": {
        "node": ">=22.13.0"
      }
    },
    "packages/core": {
      "name": "@moemodels/core",
      "version": "0.1.0",
      "license": "Apache-2.0",
      "dependencies": {
        "@moemodels/evaluations-v1": "0.1.0",
        "@moemodels/registry-v1": "0.1.0"
      },
      "devDependencies": {
        "typescript": "^5.9.3"
      },
      "engines": {
        "node": ">=22.13.0"
      }
    },
    "packages/ingest": {
      "name": "@moemodels/ingest",
      "version": "0.1.0",
      "license": "Apache-2.0",
      "dependencies": {
        "@moemodels/core": "0.1.0"
      },
      "devDependencies": {
        "@types/node": "^22.19.19",
        "typescript": "^5.9.3"
      },
      "engines": {
        "node": ">=22.13.0"
      }
    },
    "packages/mcp": {
      "name": "@moemodels/mcp",
      "version": "0.1.0",
      "license": "Apache-2.0",
      "dependencies": {
        "@moemodels/core": "0.1.0"
      },
      "bin": {
        "moemodels-mcp": "dist/index.js"
      },
      "devDependencies": {
        "@types/node": "^22.19.19",
        "typescript": "^5.9.3"
      },
      "engines": {
        "node": ">=22.13.0"
      }
    },
    "packages/moemodels": {
      "version": "0.1.0",
      "license": "Apache-2.0",
      "dependencies": {
        "@moemodels/bench": "0.1.0",
        "@moemodels/cli": "0.1.0"
      },
      "bin": {
        "moemodels": "dist/index.js"
      },
      "devDependencies": {
        "@types/node": "^22.19.19",
        "typescript": "^5.9.3"
      },
      "engines": {
        "node": ">=22.13.0"
      }
    },
    "packages/sdk": {
      "name": "@moemodels/sdk",
      "version": "0.1.0",
      "license": "Apache-2.0",
      "dependencies": {
        "@moemodels/core": "0.1.0"
      },
      "devDependencies": {
        "typescript": "^5.9.3"
      },
      "engines": {
        "node": ">=22.13.0"
      }
    }
  }
}
